
Microsoft Visual Studio Solution File, Format Version 12.00
# Visual Studio Version 16
VisualStudioVersion = 16.0.31911.196
MinimumVisualStudioVersion = 10.0.40219.1
Project("{8BC9CEB8-8B4A-11D0-8D11-00A0C91BC942}") = "test", "test.vcxproj", "{6B82BF83-2B30-447B-A63C-006EB36AB1D9}"
EndProject
Global
	GlobalSection(SolutionConfigurationPlatforms) = preSolution
		Debug|x64 = Debug|x64
		Debug|x86 = Debug|x86
		Release|x64 = Release|x64
		Release|x86 = Release|x86
	EndGlobalSection
	GlobalSection(ProjectConfigurationPlatforms) = postSolution
		{6B82BF83-2B30-447B-A63C-006EB36AB1D9}.Debug|x64.ActiveCfg = Debug|x64
		{6B82BF83-2B30-447B-A63C-006EB36AB1D9}.Debug|x64.Build.0 = Debug|x64
		{6B82BF83-2B30-447B-A63C-006EB36AB1D9}.Debug|x86.ActiveCfg = Debug|Win32
		{6B82BF83-2B30-447B-A63C-006EB36AB1D9}.Debug|x86.Build.0 = Debug|Win32
		{6B82BF83-2B30-447B-A63C-006EB36AB1D9}.Release|x64.ActiveCfg = Release|x64
		{6B82BF83-2B30-447B-A63C-006EB36AB1D9}.Release|x64.Build.0 = Release|x64
		{6B82BF83-2B30-447B-A63C-006EB36AB1D9}.Release|x86.ActiveCfg = Release|Win32
		{6B82BF83-2B30-447B-A63C-006EB36AB1D9}.Release|x86.Build.0 = Release|Win32
	EndGlobalSection
	GlobalSection(SolutionProperties) = preSolution
		HideSolutionNode = FALSE
	EndGlobalSection
	GlobalSection(ExtensibilityGlobals) = postSolution
		SolutionGuid = {A9F0D89E-3619-43F5-B479-E8960D140BAF}
	EndGlobalSection
EndGlobal
